
Microsoft Visual Studio Solution File, Format Version 12.00
# Visual Studio 15
VisualStudioVersion = 15.0.28307.645
MinimumVisualStudioVersion = 10.0.40219.1
Project("{FAE04EC0-301F-11D3-BF4B-00C04F79EFBC}") = "Overguide.Android", "Overguide\Overguide.Android\Overguide.Android.csproj", "{002626DD-3F33-4590-887B-F77B6D06A395}"
EndProject
Project("{FAE04EC0-301F-11D3-BF4B-00C04F79EFBC}") = "Overguide.iOS", "Overguide\Overguide.iOS\Overguide.iOS.csproj", "{9483BB4D-E669-4E0A-AA00-A87D0F98D9E1}"
EndProject
Project("{FAE04EC0-301F-11D3-BF4B-00C04F79EFBC}") = "Overguide", "Overguide\Overguide\Overguide.csproj", "{97698FC8-601A-4801-8C6E-1F236899F6A2}"
EndProject
Global
	GlobalSection(SolutionConfigurationPlatforms) = preSolution
		Ad-Hoc|Any CPU = Ad-Hoc|Any CPU
		Ad-Hoc|iPhone = Ad-Hoc|iPhone
		Ad-Hoc|iPhoneSimulator = Ad-Hoc|iPhoneSimulator
		AppStore|Any CPU = AppStore|Any CPU
		AppStore|iPhone = AppStore|iPhone
		AppStore|iPhoneSimulator = AppStore|iPhoneSimulator
		Debug|Any CPU = Debug|Any CPU
		Debug|iPhone = Debug|iPhone
		Debug|iPhoneSimulator = Debug|iPhoneSimulator
		Release|Any CPU = Release|Any CPU
		Release|iPhone = Release|iPhone
		Release|iPhoneSimulator = Release|iPhoneSimulator
	EndGlobalSection
	GlobalSection(ProjectConfigurationPlatforms) = postSolution
		{002626DD-3F33-4590-887B-F77B6D06A395}.Ad-Hoc|Any CPU.ActiveCfg = Release|Any CPU
		{002626DD-3F33-4590-887B-F77B6D06A395}.Ad-Hoc|Any CPU.Build.0 = Release|Any CPU
		{002626DD-3F33-4590-887B-F77B6D06A395}.Ad-Hoc|Any CPU.Deploy.0 = Release|Any CPU
		{002626DD-3F33-4590-887B-F77B6D06A395}.Ad-Hoc|iPhone.ActiveCfg = Release|Any CPU
		{002626DD-3F33-4590-887B-F77B6D06A395}.Ad-Hoc|iPhone.Build.0 = Release|Any CPU
		{002626DD-3F33-4590-887B-F77B6D06A395}.Ad-Hoc|iPhone.Deploy.0 = Release|Any CPU
		{002626DD-3F33-4590-887B-F77B6D06A395}.Ad-Hoc|iPhoneSimulator.ActiveCfg = Release|Any CPU
		{002626DD-3F33-4590-887B-F77B6D06A395}.Ad-Hoc|iPhoneSimulator.Build.0 = Release|Any CPU
		{002626DD-3F33-4590-887B-F77B6D06A395}.Ad-Hoc|iPhoneSimulator.Deploy.0 = Release|Any CPU
		{002626DD-3F33-4590-887B-F77B6D06A395}.AppStore|Any CPU.ActiveCfg = Release|Any CPU
		{002626DD-3F33-4590-887B-F77B6D06A395}.AppStore|Any CPU.Build.0 = Release|Any CPU
		{002626DD-3F33-4590-887B-F77B6D06A395}.AppStore|Any CPU.Deploy.0 = Release|Any CPU
		{002626DD-3F33-4590-887B-F77B6D06A395}.AppStore|iPhone.ActiveCfg = Release|Any CPU
		{002626DD-3F33-4590-887B-F77B6D06A395}.AppStore|iPhone.Build.0 = Release|Any CPU
		{002626DD-3F33-4590-887B-F77B6D06A395}.AppStore|iPhone.Deploy.0 = Release|Any CPU
		{002626DD-3F33-4590-887B-F77B6D06A395}.AppStore|iPhoneSimulator.ActiveCfg = Release|Any CPU
		{002626DD-3F33-4590-887B-F77B6D06A395}.AppStore|iPhoneSimulator.Build.0 = Release|Any CPU
		{002626DD-3F33-4590-887B-F77B6D06A395}.AppStore|iPhoneSimulator.Deploy.0 = Release|Any CPU
		{002626DD-3F33-4590-887B-F77B6D06A395}.Debug|Any CPU.ActiveCfg = Debug|Any CPU
		{002626DD-3F33-4590-887B-F77B6D06A395}.Debug|Any CPU.Build.0 = Debug|Any CPU
		{002626DD-3F33-4590-887B-F77B6D06A395}.Debug|Any CPU.Deploy.0 = Debug|Any CPU
		{002626DD-3F33-4590-887B-F77B6D06A395}.Debug|iPhone.ActiveCfg = Debug|Any CPU
		{002626DD-3F33-4590-887B-F77B6D06A395}.Debug|iPhone.Build.0 = Debug|Any CPU
		{002626DD-3F33-4590-887B-F77B6D06A395}.Debug|iPhone.Deploy.0 = Debug|Any CPU
		{002626DD-3F33-4590-887B-F77B6D06A395}.Debug|iPhoneSimulator.ActiveCfg = Debug|Any CPU
		{002626DD-3F33-4590-887B-F77B6D06A395}.Debug|iPhoneSimulator.Build.0 = Debug|Any CPU
		{002626DD-3F33-4590-887B-F77B6D06A395}.Debug|iPhoneSimulator.Deploy.0 = Debug|Any CPU
		{002626DD-3F33-4590-887B-F77B6D06A395}.Release|Any CPU.ActiveCfg = Release|Any CPU
		{002626DD-3F33-4590-887B-F77B6D06A395}.Release|Any CPU.Build.0 = Release|Any CPU
		{002626DD-3F33-4590-887B-F77B6D06A395}.Release|Any CPU.Deploy.0 = Release|Any CPU
		{002626DD-3F33-4590-887B-F77B6D06A395}.Release|iPhone.ActiveCfg = Release|Any CPU
		{002626DD-3F33-4590-887B-F77B6D06A395}.Release|iPhone.Build.0 = Release|Any CPU
		{002626DD-3F33-4590-887B-F77B6D06A395}.Release|iPhone.Deploy.0 = Release|Any CPU
		{002626DD-3F33-4590-887B-F77B6D06A395}.Release|iPhoneSimulator.ActiveCfg = Release|Any CPU
		{002626DD-3F33-4590-887B-F77B6D06A395}.Release|iPhoneSimulator.Build.0 = Release|Any CPU
		{002626DD-3F33-4590-887B-F77B6D06A395}.Release|iPhoneSimulator.Deploy.0 = Release|Any CPU
		{9483BB4D-E669-4E0A-AA00-A87D0F98D9E1}.Ad-Hoc|Any CPU.ActiveCfg = Ad-Hoc|iPhone
		{9483BB4D-E669-4E0A-AA00-A87D0F98D9E1}.Ad-Hoc|Any CPU.Build.0 = Ad-Hoc|iPhone
		{9483BB4D-E669-4E0A-AA00-A87D0F98D9E1}.Ad-Hoc|Any CPU.Deploy.0 = Ad-Hoc|iPhone
		{9483BB4D-E669-4E0A-AA00-A87D0F98D9E1}.Ad-Hoc|iPhone.ActiveCfg = Ad-Hoc|iPhone
		{9483BB4D-E669-4E0A-AA00-A87D0F98D9E1}.Ad-Hoc|iPhone.Build.0 = Ad-Hoc|iPhone
		{9483BB4D-E669-4E0A-AA00-A87D0F98D9E1}.Ad-Hoc|iPhone.Deploy.0 = Ad-Hoc|iPhone
		{9483BB4D-E669-4E0A-AA00-A87D0F98D9E1}.Ad-Hoc|iPhoneSimulator.ActiveCfg = Ad-Hoc|iPhoneSimulator
		{9483BB4D-E669-4E0A-AA00-A87D0F98D9E1}.Ad-Hoc|iPhoneSimulator.Build.0 = Ad-Hoc|iPhoneSimulator
		{9483BB4D-E669-4E0A-AA00-A87D0F98D9E1}.Ad-Hoc|iPhoneSimulator.Deploy.0 = Ad-Hoc|iPhoneSimulator
		{9483BB4D-E669-4E0A-AA00-A87D0F98D9E1}.AppStore|Any CPU.ActiveCfg = AppStore|iPhone
		{9483BB4D-E669-4E0A-AA00-A87D0F98D9E1}.AppStore|Any CPU.Build.0 = AppStore|iPhone
		{9483BB4D-E669-4E0A-AA00-A87D0F98D9E1}.AppStore|Any CPU.Deploy.0 = AppStore|iPhone
		{9483BB4D-E669-4E0A-AA00-A87D0F98D9E1}.AppStore|iPhone.ActiveCfg = AppStore|iPhone
		{9483BB4D-E669-4E0A-AA00-A87D0F98D9E1}.AppStore|iPhone.Build.0 = AppStore|iPhone
		{9483BB4D-E669-4E0A-AA00-A87D0F98D9E1}.AppStore|iPhone.Deploy.0 = AppStore|iPhone
		{9483BB4D-E669-4E0A-AA00-A87D0F98D9E1}.AppStore|iPhoneSimulator.ActiveCfg = AppStore|iPhoneSimulator
		{9483BB4D-E669-4E0A-AA00-A87D0F98D9E1}.AppStore|iPhoneSimulator.Build.0 = AppStore|iPhoneSimulator
		{9483BB4D-E669-4E0A-AA00-A87D0F98D9E1}.AppStore|iPhoneSimulator.Deploy.0 = AppStore|iPhoneSimulator
		{9483BB4D-E669-4E0A-AA00-A87D0F98D9E1}.Debug|Any CPU.ActiveCfg = Debug|iPhoneSimulator
		{9483BB4D-E669-4E0A-AA00-A87D0F98D9E1}.Debug|Any CPU.Build.0 = Debug|iPhoneSimulator
		{9483BB4D-E669-4E0A-AA00-A87D0F98D9E1}.Debug|Any CPU.Deploy.0 = Debug|iPhoneSimulator
		{9483BB4D-E669-4E0A-AA00-A87D0F98D9E1}.Debug|iPhone.ActiveCfg = Debug|iPhone
		{9483BB4D-E669-4E0A-AA00-A87D0F98D9E1}.Debug|iPhone.Build.0 = Debug|iPhone
		{9483BB4D-E669-4E0A-AA00-A87D0F98D9E1}.Debug|iPhone.Deploy.0 = Debug|iPhone
		{9483BB4D-E669-4E0A-AA00-A87D0F98D9E1}.Debug|iPhoneSimulator.ActiveCfg = Debug|iPhoneSimulator
		{9483BB4D-E669-4E0A-AA00-A87D0F98D9E1}.Debug|iPhoneSimulator.Build.0 = Debug|iPhoneSimulator
		{9483BB4D-E669-4E0A-AA00-A87D0F98D9E1}.Debug|iPhoneSimulator.Deploy.0 = Debug|iPhoneSimulator
		{9483BB4D-E669-4E0A-AA00-A87D0F98D9E1}.Release|Any CPU.ActiveCfg = Release|iPhone
		{9483BB4D-E669-4E0A-AA00-A87D0F98D9E1}.Release|Any CPU.Build.0 = Release|iPhone
		{9483BB4D-E669-4E0A-AA00-A87D0F98D9E1}.Release|Any CPU.Deploy.0 = Release|iPhone
		{9483BB4D-E669-4E0A-AA00-A87D0F98D9E1}.Release|iPhone.ActiveCfg = Release|iPhone
		{9483BB4D-E669-4E0A-AA00-A87D0F98D9E1}.Release|iPhone.Build.0 = Release|iPhone
		{9483BB4D-E669-4E0A-AA00-A87D0F98D9E1}.Release|iPhone.Deploy.0 = Release|iPhone
		{9483BB4D-E669-4E0A-AA00-A87D0F98D9E1}.Release|iPhoneSimulator.ActiveCfg = Release|iPhoneSimulator
		{9483BB4D-E669-4E0A-AA00-A87D0F98D9E1}.Release|iPhoneSimulator.Build.0 = Release|iPhoneSimulator
		{9483BB4D-E669-4E0A-AA00-A87D0F98D9E1}.Release|iPhoneSimulator.Deploy.0 = Release|iPhoneSimulator
		{97698FC8-601A-4801-8C6E-1F236899F6A2}.Ad-Hoc|Any CPU.ActiveCfg = Debug|Any CPU
		{97698FC8-601A-4801-8C6E-1F236899F6A2}.Ad-Hoc|Any CPU.Build.0 = Debug|Any CPU
		{97698FC8-601A-4801-8C6E-1F236899F6A2}.Ad-Hoc|Any CPU.Deploy.0 = Debug|Any CPU
		{97698FC8-601A-4801-8C6E-1F236899F6A2}.Ad-Hoc|iPhone.ActiveCfg = Debug|Any CPU
		{97698FC8-601A-4801-8C6E-1F236899F6A2}.Ad-Hoc|iPhone.Build.0 = Debug|Any CPU
		{97698FC8-601A-4801-8C6E-1F236899F6A2}.Ad-Hoc|iPhone.Deploy.0 = Debug|Any CPU
		{97698FC8-601A-4801-8C6E-1F236899F6A2}.Ad-Hoc|iPhoneSimulator.ActiveCfg = Debug|Any CPU
		{97698FC8-601A-4801-8C6E-1F236899F6A2}.Ad-Hoc|iPhoneSimulator.Build.0 = Debug|Any CPU
		{97698FC8-601A-4801-8C6E-1F236899F6A2}.Ad-Hoc|iPhoneSimulator.Deploy.0 = Debug|Any CPU
		{97698FC8-601A-4801-8C6E-1F236899F6A2}.AppStore|Any CPU.ActiveCfg = Debug|Any CPU
		{97698FC8-601A-4801-8C6E-1F236899F6A2}.AppStore|Any CPU.Build.0 = Debug|Any CPU
		{97698FC8-601A-4801-8C6E-1F236899F6A2}.AppStore|Any CPU.Deploy.0 = Debug|Any CPU
		{97698FC8-601A-4801-8C6E-1F236899F6A2}.AppStore|iPhone.ActiveCfg = Debug|Any CPU
		{97698FC8-601A-4801-8C6E-1F236899F6A2}.AppStore|iPhone.Build.0 = Debug|Any CPU
		{97698FC8-601A-4801-8C6E-1F236899F6A2}.AppStore|iPhone.Deploy.0 = Debug|Any CPU
		{97698FC8-601A-4801-8C6E-1F236899F6A2}.AppStore|iPhoneSimulator.ActiveCfg = Debug|Any CPU
		{97698FC8-601A-4801-8C6E-1F236899F6A2}.AppStore|iPhoneSimulator.Build.0 = Debug|Any CPU
		{97698FC8-601A-4801-8C6E-1F236899F6A2}.AppStore|iPhoneSimulator.Deploy.0 = Debug|Any CPU
		{97698FC8-601A-4801-8C6E-1F236899F6A2}.Debug|Any CPU.ActiveCfg = Debug|Any CPU
		{97698FC8-601A-4801-8C6E-1F236899F6A2}.Debug|Any CPU.Build.0 = Debug|Any CPU
		{97698FC8-601A-4801-8C6E-1F236899F6A2}.Debug|Any CPU.Deploy.0 = Debug|Any CPU
		{97698FC8-601A-4801-8C6E-1F236899F6A2}.Debug|iPhone.ActiveCfg = Debug|Any CPU
		{97698FC8-601A-4801-8C6E-1F236899F6A2}.Debug|iPhone.Build.0 = Debug|Any CPU
		{97698FC8-601A-4801-8C6E-1F236899F6A2}.Debug|iPhone.Deploy.0 = Debug|Any CPU
		{97698FC8-601A-4801-8C6E-1F236899F6A2}.Debug|iPhoneSimulator.ActiveCfg = Debug|Any CPU
		{97698FC8-601A-4801-8C6E-1F236899F6A2}.Debug|iPhoneSimulator.Build.0 = Debug|Any CPU
		{97698FC8-601A-4801-8C6E-1F236899F6A2}.Debug|iPhoneSimulator.Deploy.0 = Debug|Any CPU
		{97698FC8-601A-4801-8C6E-1F236899F6A2}.Release|Any CPU.ActiveCfg = Release|Any CPU
		{97698FC8-601A-4801-8C6E-1F236899F6A2}.Release|Any CPU.Build.0 = Release|Any CPU
		{97698FC8-601A-4801-8C6E-1F236899F6A2}.Release|Any CPU.Deploy.0 = Release|Any CPU
		{97698FC8-601A-4801-8C6E-1F236899F6A2}.Release|iPhone.ActiveCfg = Release|Any CPU
		{97698FC8-601A-4801-8C6E-1F236899F6A2}.Release|iPhone.Build.0 = Release|Any CPU
		{97698FC8-601A-4801-8C6E-1F236899F6A2}.Release|iPhone.Deploy.0 = Release|Any CPU
		{97698FC8-601A-4801-8C6E-1F236899F6A2}.Release|iPhoneSimulator.ActiveCfg = Release|Any CPU
		{97698FC8-601A-4801-8C6E-1F236899F6A2}.Release|iPhoneSimulator.Build.0 = Release|Any CPU
		{97698FC8-601A-4801-8C6E-1F236899F6A2}.Release|iPhoneSimulator.Deploy.0 = Release|Any CPU
	EndGlobalSection
	GlobalSection(SolutionProperties) = preSolution
		HideSolutionNode = FALSE
	EndGlobalSection
	GlobalSection(ExtensibilityGlobals) = postSolution
		SolutionGuid = {4E4B3F23-DFC8-4C5C-904B-9802D927469D}
	EndGlobalSection
EndGlobal
